
Microsoft Visual Studio Solution File, Format Version 12.00
# Visual Studio Version 17
VisualStudioVersion = 17.0.31903.59
MinimumVisualStudioVersion = 10.0.40219.1
Project("{9A19103F-16F7-4668-BE54-9A1E7A4F7556}") = "blogs", "blogs.csproj", "{FF8B0FE5-7373-4AFB-8425-308B67052663}"
EndProject
Global
	GlobalSection(SolutionConfigurationPlatforms) = preSolution
		Debug|Any CPU = Debug|Any CPU
		Release|Any CPU = Release|Any CPU
	EndGlobalSection
	GlobalSection(ProjectConfigurationPlatforms) = postSolution
		{FF8B0FE5-7373-4AFB-8425-308B67052663}.Debug|Any CPU.ActiveCfg = Debug|Any CPU
		{FF8B0FE5-7373-4AFB-8425-308B67052663}.Debug|Any CPU.Build.0 = Debug|Any CPU
		{FF8B0FE5-7373-4AFB-8425-308B67052663}.Release|Any CPU.ActiveCfg = Release|Any CPU
		{FF8B0FE5-7373-4AFB-8425-308B67052663}.Release|Any CPU.Build.0 = Release|Any CPU
	EndGlobalSection
	GlobalSection(SolutionProperties) = preSolution
		HideSolutionNode = FALSE
	EndGlobalSection
	GlobalSection(ExtensibilityGlobals) = postSolution
		SolutionGuid = {1BB41B0C-B3E2-48CC-BD4E-E907DE158B24}
	EndGlobalSection
EndGlobal
